{
    "_readme": [
        "This file locks the dependencies of your project to a known state",
        "Read more about it at https://getcomposer.org/doc/01-basic-usage.md#composer-lock-the-lock-file",
        "This file is @generated automatically"
    ],
    "hash": "855e0039c1f56b8879d7a4fa5aede549",
    "content-hash": "0d17baf0b50ea3b033350a107a17bcb6",
    "packages": [
        {
            "name": "moderntribe/ajax-queue",
            "version": "dev-master",
            "source": {
                "type": "git",
                "url": "https://github.com/moderntribe/ajax-queue.git",
                "reference": "6579564c44d78b558d275c22eea40c0433fd5a17"
            },
            "dist": {
                "type": "zip",
                "url": "https://api.github.com/repos/moderntribe/ajax-queue/zipball/6579564c44d78b558d275c22eea40c0433fd5a17",
                "reference": "6579564c44d78b558d275c22eea40c0433fd5a17",
                "shasum": ""
            },
            "type": "project",
            "autoload": {
                "psr-0": {
                    "AJAXQueue": "src/"
                }
            },
            "license": [
                "Private"
            ],
            "description": "Group ajax calls",
            "support": {
                "source": "https://github.com/moderntribe/ajax-queue/tree/master",
                "issues": "https://github.com/moderntribe/ajax-queue/issues"
            },
            "time": "2015-08-21 06:25:04"
        },
        {
            "name": "moderntribe/attachment-helper",
            "version": "1.0.1",
            "source": {
                "type": "git",
                "url": "https://github.com/moderntribe/attachment-helper.git",
                "reference": "96e35fcb4c0883702d3f91e95b00985273a8eae7"
            },
            "dist": {
                "type": "zip",
                "url": "https://api.github.com/repos/moderntribe/attachment-helper/zipball/96e35fcb4c0883702d3f91e95b00985273a8eae7",
                "reference": "96e35fcb4c0883702d3f91e95b00985273a8eae7",
                "shasum": ""
            },
            "type": "library",
            "autoload": {
                "psr-4": {
                    "AttachmentHelper\\": "AttachmentHelper"
                }
            },
            "license": [
                "MIT"
            ],
            "authors": [
                {
                    "name": "Jonathan Brinley",
                    "email": "jonathan@tri.be"
                }
            ],
            "description": "A library for adding a file upload field to an admin meta box",
            "support": {
                "source": "https://github.com/moderntribe/attachment-helper/tree/1.0.1"
            },
            "time": "2016-04-24 20:00:57"
        }
    ],
    "packages-dev": null,
    "aliases": [],
    "minimum-stability": "dev",
    "stability-flags": {
        "moderntribe/ajax-queue": 20
    },
    "prefer-stable": false,
    "prefer-lowest": false,
    "platform": [],
    "platform-dev": []
}
